
Microsoft Visual Studio Solution File, Format Version 10.00
# Visual Studio 2008
Project("{FAE04EC0-301F-11D3-BF4B-00C04F79EFBC}") = "Linq-Query-Example", "Linq-Query-Example\Linq-Query-Example.csproj", "{56DDC101-2DE3-43D7-B39B-75EBDFDD48B8}"
EndProject
Global
	GlobalSection(SolutionConfigurationPlatforms) = preSolution
		Debug|Any CPU = Debug|Any CPU
		Release|Any CPU = Release|Any CPU
	EndGlobalSection
	GlobalSection(ProjectConfigurationPlatforms) = postSolution
		{56DDC101-2DE3-43D7-B39B-75EBDFDD48B8}.Debug|Any CPU.ActiveCfg = Debug|Any CPU
		{56DDC101-2DE3-43D7-B39B-75EBDFDD48B8}.Debug|Any CPU.Build.0 = Debug|Any CPU
		{56DDC101-2DE3-43D7-B39B-75EBDFDD48B8}.Release|Any CPU.ActiveCfg = Release|Any CPU
		{56DDC101-2DE3-43D7-B39B-75EBDFDD48B8}.Release|Any CPU.Build.0 = Release|Any CPU
	EndGlobalSection
	GlobalSection(SolutionProperties) = preSolution
		HideSolutionNode = FALSE
	EndGlobalSection
EndGlobal
