
Microsoft Visual Studio Solution File, Format Version 9.00
# Visual Studio 2005
Project("{FAE04EC0-301F-11D3-BF4B-00C04F79EFBC}") = "XmlNodeReader-Example", "XmlNodeReader-Example\XmlNodeReader-Example.csproj", "{F736B4B3-7FA3-404D-9489-6D7638D34C4A}"
EndProject
Global
	GlobalSection(SolutionConfigurationPlatforms) = preSolution
		Debug|Any CPU = Debug|Any CPU
		Release|Any CPU = Release|Any CPU
	EndGlobalSection
	GlobalSection(ProjectConfigurationPlatforms) = postSolution
		{F736B4B3-7FA3-404D-9489-6D7638D34C4A}.Debug|Any CPU.ActiveCfg = Debug|Any CPU
		{F736B4B3-7FA3-404D-9489-6D7638D34C4A}.Debug|Any CPU.Build.0 = Debug|Any CPU
		{F736B4B3-7FA3-404D-9489-6D7638D34C4A}.Release|Any CPU.ActiveCfg = Release|Any CPU
		{F736B4B3-7FA3-404D-9489-6D7638D34C4A}.Release|Any CPU.Build.0 = Release|Any CPU
	EndGlobalSection
	GlobalSection(SolutionProperties) = preSolution
		HideSolutionNode = FALSE
	EndGlobalSection
EndGlobal
