
Microsoft Visual Studio Solution File, Format Version 10.00
# Visual Studio 2008
Project("{FAE04EC0-301F-11D3-BF4B-00C04F79EFBC}") = "Linq-Db-Xml-Example2", "Link-Db-Xml-Example2\Linq-Db-Xml-Example2.csproj", "{7AE1818E-0B22-43FE-AEA6-98287B06D028}"
EndProject
Global
	GlobalSection(SolutionConfigurationPlatforms) = preSolution
		Debug|Any CPU = Debug|Any CPU
		Release|Any CPU = Release|Any CPU
	EndGlobalSection
	GlobalSection(ProjectConfigurationPlatforms) = postSolution
		{7AE1818E-0B22-43FE-AEA6-98287B06D028}.Debug|Any CPU.ActiveCfg = Debug|Any CPU
		{7AE1818E-0B22-43FE-AEA6-98287B06D028}.Debug|Any CPU.Build.0 = Debug|Any CPU
		{7AE1818E-0B22-43FE-AEA6-98287B06D028}.Release|Any CPU.ActiveCfg = Release|Any CPU
		{7AE1818E-0B22-43FE-AEA6-98287B06D028}.Release|Any CPU.Build.0 = Release|Any CPU
	EndGlobalSection
	GlobalSection(SolutionProperties) = preSolution
		HideSolutionNode = FALSE
	EndGlobalSection
EndGlobal
